// !$*UTF8*$!
{
	archiveVersion = 1;
	classes = {
	};
	objectVersion = 56;
	objects = {

/* Begin PBXBuildFile section */
		47968BC42BE3243F009A5B95 /* RogramApp.swift in Sources */ = {isa = PBXBuildFile; fileRef = 47968BC32BE3243F009A5B95 /* RogramApp.swift */; };
		47968BC62BE3243F009A5B95 /* ContentView.swift in Sources */ = {isa = PBXBuildFile; fileRef = 47968BC52BE3243F009A5B95 /* ContentView.swift */; };
		47968BC82BE3243F009A5B95 /* Assets.xcassets in Resources */ = {isa = PBXBuildFile; fileRef = 47968BC72BE3243F009A5B95 /* Assets.xcassets */; };
		47968BCB2BE3243F009A5B95 /* Preview Assets.xcassets in Resources */ = {isa = PBXBuildFile; fileRef = 47968BCA2BE3243F009A5B95 /* Preview Assets.xcassets */; };
		47968BD32BE324CD009A5B95 /* ComposableArchitecture in Frameworks */ = {isa = PBXBuildFile; productRef = 47968BD22BE324CD009A5B95 /* ComposableArchitecture */; };
		47968BD52BE3252A009A5B95 /* Post.swift in Sources */ = {isa = PBXBuildFile; fileRef = 47968BD42BE3252A009A5B95 /* Post.swift */; };
		47968BD72BE3259A009A5B95 /* PostNetworkClient.swift in Sources */ = {isa = PBXBuildFile; fileRef = 47968BD62BE3259A009A5B95 /* PostNetworkClient.swift */; };
		47968BD92BE32698009A5B95 /* MainScreenFeature.swift in Sources */ = {isa = PBXBuildFile; fileRef = 47968BD82BE32698009A5B95 /* MainScreenFeature.swift */; };
		47E0D6922BE404D400CBC4AB /* PostView.swift in Sources */ = {isa = PBXBuildFile; fileRef = 47E0D6912BE404D400CBC4AB /* PostView.swift */; };
/* End PBXBuildFile section */

/* Begin PBXFileReference section */
		47968BC02BE3243F009A5B95 /* Rogram.app */ = {isa = PBXFileReference; explicitFileType = wrapper.application; includeInIndex = 0; path = Rogram.app; sourceTree = BUILT_PRODUCTS_DIR; };
		47968BC32BE3243F009A5B95 /* RogramApp.swift */ = {isa = PBXFileReference; lastKnownFileType = sourcecode.swift; path = RogramApp.swift; sourceTree = "<group>"; };
		47968BC52BE3243F009A5B95 /* ContentView.swift */ = {isa = PBXFileReference; lastKnownFileType = sourcecode.swift; path = ContentView.swift; sourceTree = "<group>"; };
		47968BC72BE3243F009A5B95 /* Assets.xcassets */ = {isa = PBXFileReference; lastKnownFileType = folder.assetcatalog; path = Assets.xcassets; sourceTree = "<group>"; };
		47968BCA2BE3243F009A5B95 /* Preview Assets.xcassets */ = {isa = PBXFileReference; lastKnownFileType = folder.assetcatalog; path = "Preview Assets.xcassets"; sourceTree = "<group>"; };
		47968BD42BE3252A009A5B95 /* Post.swift */ = {isa = PBXFileReference; lastKnownFileType = sourcecode.swift; path = Post.swift; sourceTree = "<group>"; };
		47968BD62BE3259A009A5B95 /* PostNetworkClient.swift */ = {isa = PBXFileReference; lastKnownFileType = sourcecode.swift; path = PostNetworkClient.swift; sourceTree = "<group>"; };
		47968BD82BE32698009A5B95 /* MainScreenFeature.swift */ = {isa = PBXFileReference; lastKnownFileType = sourcecode.swift; path = MainScreenFeature.swift; sourceTree = "<group>"; };
		47E0D6912BE404D400CBC4AB /* PostView.swift */ = {isa = PBXFileReference; lastKnownFileType = sourcecode.swift; path = PostView.swift; sourceTree = "<group>"; };
/* End PBXFileReference section */

/* Begin PBXFrameworksBuildPhase section */
		47968BBD2BE3243F009A5B95 /* Frameworks */ = {
			isa = PBXFrameworksBuildPhase;
			buildActionMask = 2147483647;
			files = (
				47968BD32BE324CD009A5B95 /* ComposableArchitecture in Frameworks */,
			);
			runOnlyForDeploymentPostprocessing = 0;
		};
/* End PBXFrameworksBuildPhase section */

/* Begin PBXGroup section */
		47968BB72BE3243F009A5B95 = {
			isa = PBXGroup;
			children = (
				47968BC22BE3243F009A5B95 /* Rogram */,
				47968BC12BE3243F009A5B95 /* Products */,
			);
			sourceTree = "<group>";
		};
		47968BC12BE3243F009A5B95 /* Products */ = {
			isa = PBXGroup;
			children = (
				47968BC02BE3243F009A5B95 /* Rogram.app */,
			);
			name = Products;
			sourceTree = "<group>";
		};
		47968BC22BE3243F009A5B95 /* Rogram */ = {
			isa = PBXGroup;
			children = (
				47968BC32BE3243F009A5B95 /* RogramApp.swift */,
				47968BC52BE3243F009A5B95 /* ContentView.swift */,
				47968BC72BE3243F009A5B95 /* Assets.xcassets */,
				47968BC92BE3243F009A5B95 /* Preview Content */,
				47968BD42BE3252A009A5B95 /* Post.swift */,
				47968BD62BE3259A009A5B95 /* PostNetworkClient.swift */,
				47968BD82BE32698009A5B95 /* MainScreenFeature.swift */,
				47E0D6912BE404D400CBC4AB /* PostView.swift */,
			);
			path = Rogram;
			sourceTree = "<group>";
		};
		47968BC92BE3243F009A5B95 /* Preview Content */ = {
			isa = PBXGroup;
			children = (
				47968BCA2BE3243F009A5B95 /* Preview Assets.xcassets */,
			);
			path = "Preview Content";
			sourceTree = "<group>";
		};
/* End PBXGroup section */

/* Begin PBXNativeTarget section */
		47968BBF2BE3243F009A5B95 /* Rogram */ = {
			isa = PBXNativeTarget;
			buildConfigurationList = 47968BCE2BE32440009A5B95 /* Build configuration list for PBXNativeTarget "Rogram" */;
			buildPhases = (
				47968BBC2BE3243F009A5B95 /* Sources */,
				47968BBD2BE3243F009A5B95 /* Frameworks */,
				47968BBE2BE3243F009A5B95 /* Resources */,
			);
			buildRules = (
			);
			dependencies = (
			);
			name = Rogram;
			packageProductDependencies = (
				47968BD22BE324CD009A5B95 /* ComposableArchitecture */,
			);
			productName = Rogram;
			productReference = 47968BC02BE3243F009A5B95 /* Rogram.app */;
			productType = "com.apple.product-type.application";
		};
/* End PBXNativeTarget section */

/* Begin PBXProject section */
		47968BB82BE3243F009A5B95 /* Project object */ = {
			isa = PBXProject;
			attributes = {
				BuildIndependentTargetsInParallel = 1;
				LastSwiftUpdateCheck = 1500;
				LastUpgradeCheck = 1500;
				TargetAttributes = {
					47968BBF2BE3243F009A5B95 = {
						CreatedOnToolsVersion = 15.0.1;
					};
				};
			};
			buildConfigurationList = 47968BBB2BE3243F009A5B95 /* Build configuration list for PBXProject "Rogram" */;
			compatibilityVersion = "Xcode 14.0";
			developmentRegion = en;
			hasScannedForEncodings = 0;
			knownRegions = (
				en,
				Base,
			);
			mainGroup = 47968BB72BE3243F009A5B95;
			packageReferences = (
				47968BD12BE324CD009A5B95 /* XCRemoteSwiftPackageReference "swift-composable-architecture" */,
			);
			productRefGroup = 47968BC12BE3243F009A5B95 /* Products */;
			projectDirPath = "";
			projectRoot = "";
			targets = (
				47968BBF2BE3243F009A5B95 /* Rogram */,
			);
		};
/* End PBXProject section */

/* Begin PBXResourcesBuildPhase section */
		47968BBE2BE3243F009A5B95 /* Resources */ = {
			isa = PBXResourcesBuildPhase;
			buildActionMask = 2147483647;
			files = (
				47968BCB2BE3243F009A5B95 /* Preview Assets.xcassets in Resources */,
				47968BC82BE3243F009A5B95 /* Assets.xcassets in Resources */,
			);
			runOnlyForDeploymentPostprocessing = 0;
		};
/* End PBXResourcesBuildPhase section */

/* Begin PBXSourcesBuildPhase section */
		47968BBC2BE3243F009A5B95 /* Sources */ = {
			isa = PBXSourcesBuildPhase;
			buildActionMask = 2147483647;
			files = (
				47968BD92BE32698009A5B95 /* MainScreenFeature.swift in Sources */,
				47968BD52BE3252A009A5B95 /* Post.swift in Sources */,
				47968BD72BE3259A009A5B95 /* PostNetworkClient.swift in Sources */,
				47968BC62BE3243F009A5B95 /* ContentView.swift in Sources */,
				47E0D6922BE404D400CBC4AB /* PostView.swift in Sources */,
				47968BC42BE3243F009A5B95 /* RogramApp.swift in Sources */,
			);
			runOnlyForDeploymentPostprocessing = 0;
		};
/* End PBXSourcesBuildPhase section */

/* Begin XCBuildConfiguration section */
		47968BCC2BE3243F009A5B95 /* Debug */ = {
			isa = XCBuildConfiguration;
			buildSettings = {
				ALWAYS_SEARCH_USER_PATHS = NO;
				ASSETCATALOG_COMPILER_GENERATE_SWIFT_ASSET_SYMBOL_EXTENSIONS = YES;
				CLANG_ANALYZER_NONNULL = YES;
				CLANG_ANALYZER_NUMBER_OBJECT_CONVERSION = YES_AGGRESSIVE;
				CLANG_CXX_LANGUAGE_STANDARD = "gnu++20";
				CLANG_ENABLE_MODULES = YES;
				CLANG_ENABLE_OBJC_ARC = YES;
				CLANG_ENABLE_OBJC_WEAK = YES;
				CLANG_WARN_BLOCK_CAPTURE_AUTORELEASING = YES;
				CLANG_WARN_BOOL_CONVERSION = YES;
				CLANG_WARN_COMMA = YES;
				CLANG_WARN_CONSTANT_CONVERSION = YES;
				CLANG_WARN_DEPRECATED_OBJC_IMPLEMENTATIONS = YES;
				CLANG_WARN_DIRECT_OBJC_ISA_USAGE = YES_ERROR;
				CLANG_WARN_DOCUMENTATION_COMMENTS = YES;
				CLANG_WARN_EMPTY_BODY = YES;
				CLANG_WARN_ENUM_CONVERSION = YES;
				CLANG_WARN_INFINITE_RECURSION = YES;
				CLANG_WARN_INT_CONVERSION = YES;
				CLANG_WARN_NON_LITERAL_NULL_CONVERSION = YES;
				CLANG_WARN_OBJC_IMPLICIT_RETAIN_SELF = YES;
				CLANG_WARN_OBJC_LITERAL_CONVERSION = YES;
				CLANG_WARN_OBJC_ROOT_CLASS = YES_ERROR;
				CLANG_WARN_QUOTED_INCLUDE_IN_FRAMEWORK_HEADER = YES;
				CLANG_WARN_RANGE_LOOP_ANALYSIS = YES;
				CLANG_WARN_STRICT_PROTOTYPES = YES;
				CLANG_WARN_SUSPICIOUS_MOVE = YES;
				CLANG_WARN_UNGUARDED_AVAILABILITY = YES_AGGRESSIVE;
				CLANG_WARN_UNREACHABLE_CODE = YES;
				CLANG_WARN__DUPLICATE_METHOD_MATCH = YES;
				COPY_PHASE_STRIP = NO;
				DEBUG_INFORMATION_FORMAT = dwarf;
				ENABLE_STRICT_OBJC_MSGSEND = YES;
				ENABLE_TESTABILITY = YES;
				ENABLE_USER_SCRIPT_SANDBOXING = YES;
				GCC_C_LANGUAGE_STANDARD = gnu17;
				GCC_DYNAMIC_NO_PIC = NO;
				GCC_NO_COMMON_BLOCKS = YES;
				GCC_OPTIMIZATION_LEVEL = 0;
				GCC_PREPROCESSOR_DEFINITIONS = (
					"DEBUG=1",
					"$(inherited)",
				);
				GCC_WARN_64_TO_32_BIT_CONVERSION = YES;
				GCC_WARN_ABOUT_RETURN_TYPE = YES_ERROR;
				GCC_WARN_UNDECLARED_SELECTOR = YES;
				GCC_WARN_UNINITIALIZED_AUTOS = YES_AGGRESSIVE;
				GCC_WARN_UNUSED_FUNCTION = YES;
				GCC_WARN_UNUSED_VARIABLE = YES;
				IPHONEOS_DEPLOYMENT_TARGET = 17.0;
				LOCALIZATION_PREFERS_STRING_CATALOGS = YES;
				MTL_ENABLE_DEBUG_INFO = INCLUDE_SOURCE;
				MTL_FAST_MATH = YES;
				ONLY_ACTIVE_ARCH = YES;
				SDKROOT = iphoneos;
				SWIFT_ACTIVE_COMPILATION_CONDITIONS = "DEBUG $(inherited)";
				SWIFT_OPTIMIZATION_LEVEL = "-Onone";
			};
			name = Debug;
		};
		47968BCD2BE3243F009A5B95 /* Release */ = {
			isa = XCBuildConfiguration;
			buildSettings = {
				ALWAYS_SEARCH_USER_PATHS = NO;
				ASSETCATALOG_COMPILER_GENERATE_SWIFT_ASSET_SYMBOL_EXTENSIONS = YES;
				CLANG_ANALYZER_NONNULL = YES;
				CLANG_ANALYZER_NUMBER_OBJECT_CONVERSION = YES_AGGRESSIVE;
				CLANG_CXX_LANGUAGE_STANDARD = "gnu++20";
				CLANG_ENABLE_MODULES = YES;
				CLANG_ENABLE_OBJC_ARC = YES;
				CLANG_ENABLE_OBJC_WEAK = YES;
				CLANG_WARN_BLOCK_CAPTURE_AUTORELEASING = YES;
				CLANG_WARN_BOOL_CONVERSION = YES;
				CLANG_WARN_COMMA = YES;
				CLANG_WARN_CONSTANT_CONVERSION = YES;
				CLANG_WARN_DEPRECATED_OBJC_IMPLEMENTATIONS = YES;
				CLANG_WARN_DIRECT_OBJC_ISA_USAGE = YES_ERROR;
				CLANG_WARN_DOCUMENTATION_COMMENTS = YES;
				CLANG_WARN_EMPTY_BODY = YES;
				CLANG_WARN_ENUM_CONVERSION = YES;
				CLANG_WARN_INFINITE_RECURSION = YES;
				CLANG_WARN_INT_CONVERSION = YES;
				CLANG_WARN_NON_LITERAL_NULL_CONVERSION = YES;
				CLANG_WARN_OBJC_IMPLICIT_RETAIN_SELF = YES;
				CLANG_WARN_OBJC_LITERAL_CONVERSION = YES;
				CLANG_WARN_OBJC_ROOT_CLASS = YES_ERROR;
				CLANG_WARN_QUOTED_INCLUDE_IN_FRAMEWORK_HEADER = YES;
				CLANG_WARN_RANGE_LOOP_ANALYSIS = YES;
				CLANG_WARN_STRICT_PROTOTYPES = YES;
				CLANG_WARN_SUSPICIOUS_MOVE = YES;
				CLANG_WARN_UNGUARDED_AVAILABILITY = YES_AGGRESSIVE;
				CLANG_WARN_UNREACHABLE_CODE = YES;
				CLANG_WARN__DUPLICATE_METHOD_MATCH = YES;
				COPY_PHASE_STRIP = NO;
				DEBUG_INFORMATION_FORMAT = "dwarf-with-dsym";
				ENABLE_NS_ASSERTIONS = NO;
				ENABLE_STRICT_OBJC_MSGSEND = YES;
				ENABLE_USER_SCRIPT_SANDBOXING = YES;
				GCC_C_LANGUAGE_STANDARD = gnu17;
				GCC_NO_COMMON_BLOCKS = YES;
				GCC_WARN_64_TO_32_BIT_CONVERSION = YES;
				GCC_WARN_ABOUT_RETURN_TYPE = YES_ERROR;
				GCC_WARN_UNDECLARED_SELECTOR = YES;
				GCC_WARN_UNINITIALIZED_AUTOS = YES_AGGRESSIVE;
				GCC_WARN_UNUSED_FUNCTION = YES;
				GCC_WARN_UNUSED_VARIABLE = YES;
				IPHONEOS_DEPLOYMENT_TARGET = 17.0;
				LOCALIZATION_PREFERS_STRING_CATALOGS = YES;
				MTL_ENABLE_DEBUG_INFO = NO;
				MTL_FAST_MATH = YES;
				SDKROOT = iphoneos;
				SWIFT_COMPILATION_MODE = wholemodule;
				VALIDATE_PRODUCT = YES;
			};
			name = Release;
		};
		47968BCF2BE32440009A5B95 /* Debug */ = {
			isa = XCBuildConfiguration;
			buildSettings = {
				ASSETCATALOG_COMPILER_APPICON_NAME = AppIcon;
				ASSETCATALOG_COMPILER_GLOBAL_ACCENT_COLOR_NAME = AccentColor;
				CODE_SIGN_STYLE = Automatic;
				CURRENT_PROJECT_VERSION = 1;
				DEVELOPMENT_ASSET_PATHS = "\"Rogram/Preview Content\"";
				DEVELOPMENT_TEAM = 5WDN96EM72;
				ENABLE_PREVIEWS = YES;
				GENERATE_INFOPLIST_FILE = YES;
				INFOPLIST_KEY_UIApplicationSceneManifest_Generation = YES;
				INFOPLIST_KEY_UIApplicationSupportsIndirectInputEvents = YES;
				INFOPLIST_KEY_UILaunchScreen_Generation = YES;
				INFOPLIST_KEY_UISupportedInterfaceOrientations_iPad = "UIInterfaceOrientationPortrait UIInterfaceOrientationPortraitUpsideDown UIInterfaceOrientationLandscapeLeft UIInterfaceOrientationLandscapeRight";
				INFOPLIST_KEY_UISupportedInterfaceOrientations_iPhone = "UIInterfaceOrientationPortrait UIInterfaceOrientationLandscapeLeft UIInterfaceOrientationLandscapeRight";
				LD_RUNPATH_SEARCH_PATHS = (
					"$(inherited)",
					"@executable_path/Frameworks",
				);
				MARKETING_VERSION = 1.0;
				PRODUCT_BUNDLE_IDENTIFIER = com.ck.Rogram;
				PRODUCT_NAME = "$(TARGET_NAME)";
				SWIFT_EMIT_LOC_STRINGS = YES;
				SWIFT_VERSION = 5.0;
				TARGETED_DEVICE_FAMILY = "1,2";
			};
			name = Debug;
		};
		47968BD02BE32440009A5B95 /* Release */ = {
			isa = XCBuildConfiguration;
			buildSettings = {
				ASSETCATALOG_COMPILER_APPICON_NAME = AppIcon;
				ASSETCATALOG_COMPILER_GLOBAL_ACCENT_COLOR_NAME = AccentColor;
				CODE_SIGN_STYLE = Automatic;
				CURRENT_PROJECT_VERSION = 1;
				DEVELOPMENT_ASSET_PATHS = "\"Rogram/Preview Content\"";
				DEVELOPMENT_TEAM = 5WDN96EM72;
				ENABLE_PREVIEWS = YES;
				GENERATE_INFOPLIST_FILE = YES;
				INFOPLIST_KEY_UIApplicationSceneManifest_Generation = YES;
				INFOPLIST_KEY_UIApplicationSupportsIndirectInputEvents = YES;
				INFOPLIST_KEY_UILaunchScreen_Generation = YES;
				INFOPLIST_KEY_UISupportedInterfaceOrientations_iPad = "UIInterfaceOrientationPortrait UIInterfaceOrientationPortraitUpsideDown UIInterfaceOrientationLandscapeLeft UIInterfaceOrientationLandscapeRight";
				INFOPLIST_KEY_UISupportedInterfaceOrientations_iPhone = "UIInterfaceOrientationPortrait UIInterfaceOrientationLandscapeLeft UIInterfaceOrientationLandscapeRight";
				LD_RUNPATH_SEARCH_PATHS = (
					"$(inherited)",
					"@executable_path/Frameworks",
				);
				MARKETING_VERSION = 1.0;
				PRODUCT_BUNDLE_IDENTIFIER = com.ck.Rogram;
				PRODUCT_NAME = "$(TARGET_NAME)";
				SWIFT_EMIT_LOC_STRINGS = YES;
				SWIFT_VERSION = 5.0;
				TARGETED_DEVICE_FAMILY = "1,2";
			};
			name = Release;
		};
/* End XCBuildConfiguration section */

/* Begin XCConfigurationList section */
		47968BBB2BE3243F009A5B95 /* Build configuration list for PBXProject "Rogram" */ = {
			isa = XCConfigurationList;
			buildConfigurations = (
				47968BCC2BE3243F009A5B95 /* Debug */,
				47968BCD2BE3243F009A5B95 /* Release */,
			);
			defaultConfigurationIsVisible = 0;
			defaultConfigurationName = Release;
		};
		47968BCE2BE32440009A5B95 /* Build configuration list for PBXNativeTarget "Rogram" */ = {
			isa = XCConfigurationList;
			buildConfigurations = (
				47968BCF2BE32440009A5B95 /* Debug */,
				47968BD02BE32440009A5B95 /* Release */,
			);
			defaultConfigurationIsVisible = 0;
			defaultConfigurationName = Release;
		};
/* End XCConfigurationList section */

/* Begin XCRemoteSwiftPackageReference section */
		47968BD12BE324CD009A5B95 /* XCRemoteSwiftPackageReference "swift-composable-architecture" */ = {
			isa = XCRemoteSwiftPackageReference;
			repositoryURL = "https://github.com/pointfreeco/swift-composable-architecture";
			requirement = {
				kind = upToNextMajorVersion;
				minimumVersion = 1.10.2;
			};
		};
/* End XCRemoteSwiftPackageReference section */

/* Begin XCSwiftPackageProductDependency section */
		47968BD22BE324CD009A5B95 /* ComposableArchitecture */ = {
			isa = XCSwiftPackageProductDependency;
			package = 47968BD12BE324CD009A5B95 /* XCRemoteSwiftPackageReference "swift-composable-architecture" */;
			productName = ComposableArchitecture;
		};
/* End XCSwiftPackageProductDependency section */
	};
	rootObject = 47968BB82BE3243F009A5B95 /* Project object */;
}
